
Microsoft Visual Studio Solution File, Format Version 12.00
# Visual Studio Version 17
VisualStudioVersion = 17.0.31903.59
MinimumVisualStudioVersion = 10.0.40219.1
Project("{FAE04EC0-301F-11D3-BF4B-00C04F79EFBC}") = "Domain", "Domain\Domain.csproj", "{46F56615-B709-47D3-9C17-3AFF98E0A569}"
EndProject
Project("{FAE04EC0-301F-11D3-BF4B-00C04F79EFBC}") = "Application", "Application\Application.csproj", "{D2540C29-5558-4D6E-96C8-1ECA78B36C36}"
EndProject
Project("{FAE04EC0-301F-11D3-BF4B-00C04F79EFBC}") = "Persistence", "Persistence\Persistence.csproj", "{82287FD7-67BC-4FEA-922C-AEE0DC41BBD4}"
EndProject
Project("{FAE04EC0-301F-11D3-BF4B-00C04F79EFBC}") = "APi", "API\APi.csproj", "{8CC533FE-8FB4-49AC-B41C-1E4D7CABADA8}"
EndProject
Global
	GlobalSection(SolutionConfigurationPlatforms) = preSolution
		Debug|Any CPU = Debug|Any CPU
		Release|Any CPU = Release|Any CPU
	EndGlobalSection
	GlobalSection(SolutionProperties) = preSolution
		HideSolutionNode = FALSE
	EndGlobalSection
	GlobalSection(ProjectConfigurationPlatforms) = postSolution
		{46F56615-B709-47D3-9C17-3AFF98E0A569}.Debug|Any CPU.ActiveCfg = Debug|Any CPU
		{46F56615-B709-47D3-9C17-3AFF98E0A569}.Debug|Any CPU.Build.0 = Debug|Any CPU
		{46F56615-B709-47D3-9C17-3AFF98E0A569}.Release|Any CPU.ActiveCfg = Release|Any CPU
		{46F56615-B709-47D3-9C17-3AFF98E0A569}.Release|Any CPU.Build.0 = Release|Any CPU
		{D2540C29-5558-4D6E-96C8-1ECA78B36C36}.Debug|Any CPU.ActiveCfg = Debug|Any CPU
		{D2540C29-5558-4D6E-96C8-1ECA78B36C36}.Debug|Any CPU.Build.0 = Debug|Any CPU
		{D2540C29-5558-4D6E-96C8-1ECA78B36C36}.Release|Any CPU.ActiveCfg = Release|Any CPU
		{D2540C29-5558-4D6E-96C8-1ECA78B36C36}.Release|Any CPU.Build.0 = Release|Any CPU
		{82287FD7-67BC-4FEA-922C-AEE0DC41BBD4}.Debug|Any CPU.ActiveCfg = Debug|Any CPU
		{82287FD7-67BC-4FEA-922C-AEE0DC41BBD4}.Debug|Any CPU.Build.0 = Debug|Any CPU
		{82287FD7-67BC-4FEA-922C-AEE0DC41BBD4}.Release|Any CPU.ActiveCfg = Release|Any CPU
		{82287FD7-67BC-4FEA-922C-AEE0DC41BBD4}.Release|Any CPU.Build.0 = Release|Any CPU
		{8CC533FE-8FB4-49AC-B41C-1E4D7CABADA8}.Debug|Any CPU.ActiveCfg = Debug|Any CPU
		{8CC533FE-8FB4-49AC-B41C-1E4D7CABADA8}.Debug|Any CPU.Build.0 = Debug|Any CPU
		{8CC533FE-8FB4-49AC-B41C-1E4D7CABADA8}.Release|Any CPU.ActiveCfg = Release|Any CPU
		{8CC533FE-8FB4-49AC-B41C-1E4D7CABADA8}.Release|Any CPU.Build.0 = Release|Any CPU
	EndGlobalSection
EndGlobal
